// !$*UTF8*$!
{
	archiveVersion = 1;
	classes = {
	};
	objectVersion = 56;
	objects = {

/* Begin PBXBuildFile section */
		AD5C6FC02F1851B400ECC3BD /* GARAZAApp.swift in Sources */ = {isa = PBXBuildFile; fileRef = AD5C6FBF2F1851B400ECC3BD /* GARAZAApp.swift */; };
		AD5C6FC22F1851B400ECC3BD /* ContentView.swift in Sources */ = {isa = PBXBuildFile; fileRef = AD5C6FC12F1851B400ECC3BD /* ContentView.swift */; };
		AD5C6FC42F1851B500ECC3BD /* Assets.xcassets in Resources */ = {isa = PBXBuildFile; fileRef = AD5C6FC32F1851B500ECC3BD /* Assets.xcassets */; };
		AD5C6FC72F1851B500ECC3BD /* Preview Assets.xcassets in Resources */ = {isa = PBXBuildFile; fileRef = AD5C6FC62F1851B500ECC3BD /* Preview Assets.xcassets */; };
		AD5C6FD12F1851B500ECC3BD /* GARAZATests.swift in Sources */ = {isa = PBXBuildFile; fileRef = AD5C6FD02F1851B500ECC3BD /* GARAZATests.swift */; };
		AD5C6FDB2F1851B500ECC3BD /* GARAZAUITests.swift in Sources */ = {isa = PBXBuildFile; fileRef = AD5C6FDA2F1851B500ECC3BD /* GARAZAUITests.swift */; };
		AD5C6FDD2F1851B500ECC3BD /* GARAZAUITestsLaunchTests.swift in Sources */ = {isa = PBXBuildFile; fileRef = AD5C6FDC2F1851B500ECC3BD /* GARAZAUITestsLaunchTests.swift */; };
		AD5C6FEA2F18523200ECC3BD /* File.swift in Sources */ = {isa = PBXBuildFile; fileRef = AD5C6FE92F18523200ECC3BD /* File.swift */; };
		AD5C6FEC2F193CD300ECC3BD /* Splashscreen.swift in Sources */ = {isa = PBXBuildFile; fileRef = AD5C6FEB2F193CD300ECC3BD /* Splashscreen.swift */; };
		AD5C6FEE2F193E1100ECC3BD /* Gharaza.swift in Sources */ = {isa = PBXBuildFile; fileRef = AD5C6FED2F193E1100ECC3BD /* Gharaza.swift */; };
		AD5C6FF02F193F3F00ECC3BD /* hall.mp4 in Resources */ = {isa = PBXBuildFile; fileRef = AD5C6FEF2F193F3F00ECC3BD /* hall.mp4 */; };
		AD5C702E2F1B1B6F00ECC3BD /* LoginView.swift in Sources */ = {isa = PBXBuildFile; fileRef = AD5C702D2F1B1B6F00ECC3BD /* LoginView.swift */; };
		AD5C70302F1B218100ECC3BD /* CLoginPage.swift in Sources */ = {isa = PBXBuildFile; fileRef = AD5C702F2F1B218100ECC3BD /* CLoginPage.swift */; };
		AD5C70322F1B224A00ECC3BD /* OTPValidationPage.swift in Sources */ = {isa = PBXBuildFile; fileRef = AD5C70312F1B224A00ECC3BD /* OTPValidationPage.swift */; };
		AD5C70362F1BE8EC00ECC3BD /* SignUp.swift in Sources */ = {isa = PBXBuildFile; fileRef = AD5C70352F1BE8EC00ECC3BD /* SignUp.swift */; };
/* End PBXBuildFile section */

/* Begin PBXContainerItemProxy section */
		AD5C6FCD2F1851B500ECC3BD /* PBXContainerItemProxy */ = {
			isa = PBXContainerItemProxy;
			containerPortal = AD5C6FB42F1851B400ECC3BD /* Project object */;
			proxyType = 1;
			remoteGlobalIDString = AD5C6FBB2F1851B400ECC3BD;
			remoteInfo = GARAZA;
		};
		AD5C6FD72F1851B500ECC3BD /* PBXContainerItemProxy */ = {
			isa = PBXContainerItemProxy;
			containerPortal = AD5C6FB42F1851B400ECC3BD /* Project object */;
			proxyType = 1;
			remoteGlobalIDString = AD5C6FBB2F1851B400ECC3BD;
			remoteInfo = GARAZA;
		};
/* End PBXContainerItemProxy section */

/* Begin PBXFileReference section */
		AD5C6FBC2F1851B400ECC3BD /* GARAZA.app */ = {isa = PBXFileReference; explicitFileType = wrapper.application; includeInIndex = 0; path = GARAZA.app; sourceTree = BUILT_PRODUCTS_DIR; };
		AD5C6FBF2F1851B400ECC3BD /* GARAZAApp.swift */ = {isa = PBXFileReference; lastKnownFileType = sourcecode.swift; path = GARAZAApp.swift; sourceTree = "<group>"; };
		AD5C6FC12F1851B400ECC3BD /* ContentView.swift */ = {isa = PBXFileReference; lastKnownFileType = sourcecode.swift; path = ContentView.swift; sourceTree = "<group>"; };
		AD5C6FC32F1851B500ECC3BD /* Assets.xcassets */ = {isa = PBXFileReference; lastKnownFileType = folder.assetcatalog; path = Assets.xcassets; sourceTree = "<group>"; };
		AD5C6FC62F1851B500ECC3BD /* Preview Assets.xcassets */ = {isa = PBXFileReference; lastKnownFileType = folder.assetcatalog; path = "Preview Assets.xcassets"; sourceTree = "<group>"; };
		AD5C6FCC2F1851B500ECC3BD /* GARAZATests.xctest */ = {isa = PBXFileReference; explicitFileType = wrapper.cfbundle; includeInIndex = 0; path = GARAZATests.xctest; sourceTree = BUILT_PRODUCTS_DIR; };
		AD5C6FD02F1851B500ECC3BD /* GARAZATests.swift */ = {isa = PBXFileReference; lastKnownFileType = sourcecode.swift; path = GARAZATests.swift; sourceTree = "<group>"; };
		AD5C6FD62F1851B500ECC3BD /* GARAZAUITests.xctest */ = {isa = PBXFileReference; explicitFileType = wrapper.cfbundle; includeInIndex = 0; path = GARAZAUITests.xctest; sourceTree = BUILT_PRODUCTS_DIR; };
		AD5C6FDA2F1851B500ECC3BD /* GARAZAUITests.swift */ = {isa = PBXFileReference; lastKnownFileType = sourcecode.swift; path = GARAZAUITests.swift; sourceTree = "<group>"; };
		AD5C6FDC2F1851B500ECC3BD /* GARAZAUITestsLaunchTests.swift */ = {isa = PBXFileReference; lastKnownFileType = sourcecode.swift; path = GARAZAUITestsLaunchTests.swift; sourceTree = "<group>"; };
		AD5C6FE92F18523200ECC3BD /* File.swift */ = {isa = PBXFileReference; lastKnownFileType = sourcecode.swift; path = File.swift; sourceTree = "<group>"; };
		AD5C6FEB2F193CD300ECC3BD /* Splashscreen.swift */ = {isa = PBXFileReference; lastKnownFileType = sourcecode.swift; path = Splashscreen.swift; sourceTree = "<group>"; };
		AD5C6FED2F193E1100ECC3BD /* Gharaza.swift */ = {isa = PBXFileReference; lastKnownFileType = sourcecode.swift; path = Gharaza.swift; sourceTree = "<group>"; };
		AD5C6FEF2F193F3F00ECC3BD /* hall.mp4 */ = {isa = PBXFileReference; lastKnownFileType = file; path = hall.mp4; sourceTree = "<group>"; };
		AD5C702D2F1B1B6F00ECC3BD /* LoginView.swift */ = {isa = PBXFileReference; lastKnownFileType = sourcecode.swift; path = LoginView.swift; sourceTree = "<group>"; };
		AD5C702F2F1B218100ECC3BD /* CLoginPage.swift */ = {isa = PBXFileReference; lastKnownFileType = sourcecode.swift; path = CLoginPage.swift; sourceTree = "<group>"; };
		AD5C70312F1B224A00ECC3BD /* OTPValidationPage.swift */ = {isa = PBXFileReference; lastKnownFileType = sourcecode.swift; path = OTPValidationPage.swift; sourceTree = "<group>"; };
		AD5C70352F1BE8EC00ECC3BD /* SignUp.swift */ = {isa = PBXFileReference; lastKnownFileType = sourcecode.swift; path = SignUp.swift; sourceTree = "<group>"; };
/* End PBXFileReference section */

/* Begin PBXFrameworksBuildPhase section */
		AD5C6FB92F1851B400ECC3BD /* Frameworks */ = {
			isa = PBXFrameworksBuildPhase;
			buildActionMask = 2147483647;
			files = (
			);
			runOnlyForDeploymentPostprocessing = 0;
		};
		AD5C6FC92F1851B500ECC3BD /* Frameworks */ = {
			isa = PBXFrameworksBuildPhase;
			buildActionMask = 2147483647;
			files = (
			);
			runOnlyForDeploymentPostprocessing = 0;
		};
		AD5C6FD32F1851B500ECC3BD /* Frameworks */ = {
			isa = PBXFrameworksBuildPhase;
			buildActionMask = 2147483647;
			files = (
			);
			runOnlyForDeploymentPostprocessing = 0;
		};
/* End PBXFrameworksBuildPhase section */

/* Begin PBXGroup section */
		AD5C6FB32F1851B400ECC3BD = {
			isa = PBXGroup;
			children = (
				AD5C6FBE2F1851B400ECC3BD /* GARAZA */,
				AD5C6FCF2F1851B500ECC3BD /* GARAZATests */,
				AD5C6FD92F1851B500ECC3BD /* GARAZAUITests */,
				AD5C6FBD2F1851B400ECC3BD /* Products */,
			);
			sourceTree = "<group>";
		};
		AD5C6FBD2F1851B400ECC3BD /* Products */ = {
			isa = PBXGroup;
			children = (
				AD5C6FBC2F1851B400ECC3BD /* GARAZA.app */,
				AD5C6FCC2F1851B500ECC3BD /* GARAZATests.xctest */,
				AD5C6FD62F1851B500ECC3BD /* GARAZAUITests.xctest */,
			);
			name = Products;
			sourceTree = "<group>";
		};
		AD5C6FBE2F1851B400ECC3BD /* GARAZA */ = {
			isa = PBXGroup;
			children = (
				AD5C702C2F1B1B2E00ECC3BD /* Authontication */,
				AD5C6FBF2F1851B400ECC3BD /* GARAZAApp.swift */,
				AD5C6FEB2F193CD300ECC3BD /* Splashscreen.swift */,
				AD5C6FED2F193E1100ECC3BD /* Gharaza.swift */,
				AD5C6FEF2F193F3F00ECC3BD /* hall.mp4 */,
				AD5C6FC12F1851B400ECC3BD /* ContentView.swift */,
				AD5C6FE92F18523200ECC3BD /* File.swift */,
				AD5C6FC32F1851B500ECC3BD /* Assets.xcassets */,
				AD5C6FC52F1851B500ECC3BD /* Preview Content */,
			);
			path = GARAZA;
			sourceTree = "<group>";
		};
		AD5C6FC52F1851B500ECC3BD /* Preview Content */ = {
			isa = PBXGroup;
			children = (
				AD5C6FC62F1851B500ECC3BD /* Preview Assets.xcassets */,
			);
			path = "Preview Content";
			sourceTree = "<group>";
		};
		AD5C6FCF2F1851B500ECC3BD /* GARAZATests */ = {
			isa = PBXGroup;
			children = (
				AD5C6FD02F1851B500ECC3BD /* GARAZATests.swift */,
			);
			path = GARAZATests;
			sourceTree = "<group>";
		};
		AD5C6FD92F1851B500ECC3BD /* GARAZAUITests */ = {
			isa = PBXGroup;
			children = (
				AD5C6FDA2F1851B500ECC3BD /* GARAZAUITests.swift */,
				AD5C6FDC2F1851B500ECC3BD /* GARAZAUITestsLaunchTests.swift */,
			);
			path = GARAZAUITests;
			sourceTree = "<group>";
		};
		AD5C702C2F1B1B2E00ECC3BD /* Authontication */ = {
			isa = PBXGroup;
			children = (
				AD5C702D2F1B1B6F00ECC3BD /* LoginView.swift */,
				AD5C702F2F1B218100ECC3BD /* CLoginPage.swift */,
				AD5C70312F1B224A00ECC3BD /* OTPValidationPage.swift */,
				AD5C70352F1BE8EC00ECC3BD /* SignUp.swift */,
			);
			path = Authontication;
			sourceTree = "<group>";
		};
/* End PBXGroup section */

/* Begin PBXNativeTarget section */
		AD5C6FBB2F1851B400ECC3BD /* GARAZA */ = {
			isa = PBXNativeTarget;
			buildConfigurationList = AD5C6FE02F1851B500ECC3BD /* Build configuration list for PBXNativeTarget "GARAZA" */;
			buildPhases = (
				AD5C6FB82F1851B400ECC3BD /* Sources */,
				AD5C6FB92F1851B400ECC3BD /* Frameworks */,
				AD5C6FBA2F1851B400ECC3BD /* Resources */,
				AD5C70272F19CAFC00ECC3BD /* Run Script */,
			);
			buildRules = (
			);
			dependencies = (
			);
			name = GARAZA;
			productName = GARAZA;
			productReference = AD5C6FBC2F1851B400ECC3BD /* GARAZA.app */;
			productType = "com.apple.product-type.application";
		};
		AD5C6FCB2F1851B500ECC3BD /* GARAZATests */ = {
			isa = PBXNativeTarget;
			buildConfigurationList = AD5C6FE32F1851B500ECC3BD /* Build configuration list for PBXNativeTarget "GARAZATests" */;
			buildPhases = (
				AD5C6FC82F1851B500ECC3BD /* Sources */,
				AD5C6FC92F1851B500ECC3BD /* Frameworks */,
				AD5C6FCA2F1851B500ECC3BD /* Resources */,
			);
			buildRules = (
			);
			dependencies = (
				AD5C6FCE2F1851B500ECC3BD /* PBXTargetDependency */,
			);
			name = GARAZATests;
			productName = GARAZATests;
			productReference = AD5C6FCC2F1851B500ECC3BD /* GARAZATests.xctest */;
			productType = "com.apple.product-type.bundle.unit-test";
		};
		AD5C6FD52F1851B500ECC3BD /* GARAZAUITests */ = {
			isa = PBXNativeTarget;
			buildConfigurationList = AD5C6FE62F1851B500ECC3BD /* Build configuration list for PBXNativeTarget "GARAZAUITests" */;
			buildPhases = (
				AD5C6FD22F1851B500ECC3BD /* Sources */,
				AD5C6FD32F1851B500ECC3BD /* Frameworks */,
				AD5C6FD42F1851B500ECC3BD /* Resources */,
			);
			buildRules = (
			);
			dependencies = (
				AD5C6FD82F1851B500ECC3BD /* PBXTargetDependency */,
			);
			name = GARAZAUITests;
			productName = GARAZAUITests;
			productReference = AD5C6FD62F1851B500ECC3BD /* GARAZAUITests.xctest */;
			productType = "com.apple.product-type.bundle.ui-testing";
		};
/* End PBXNativeTarget section */

/* Begin PBXProject section */
		AD5C6FB42F1851B400ECC3BD /* Project object */ = {
			isa = PBXProject;
			attributes = {
				BuildIndependentTargetsInParallel = 1;
				LastSwiftUpdateCheck = 1540;
				LastUpgradeCheck = 1540;
				TargetAttributes = {
					AD5C6FBB2F1851B400ECC3BD = {
						CreatedOnToolsVersion = 15.4;
					};
					AD5C6FCB2F1851B500ECC3BD = {
						CreatedOnToolsVersion = 15.4;
						TestTargetID = AD5C6FBB2F1851B400ECC3BD;
					};
					AD5C6FD52F1851B500ECC3BD = {
						CreatedOnToolsVersion = 15.4;
						TestTargetID = AD5C6FBB2F1851B400ECC3BD;
					};
				};
			};
			buildConfigurationList = AD5C6FB72F1851B400ECC3BD /* Build configuration list for PBXProject "GARAZA" */;
			compatibilityVersion = "Xcode 14.0";
			developmentRegion = en;
			hasScannedForEncodings = 0;
			knownRegions = (
				en,
				Base,
			);
			mainGroup = AD5C6FB32F1851B400ECC3BD;
			productRefGroup = AD5C6FBD2F1851B400ECC3BD /* Products */;
			projectDirPath = "";
			projectRoot = "";
			targets = (
				AD5C6FBB2F1851B400ECC3BD /* GARAZA */,
				AD5C6FCB2F1851B500ECC3BD /* GARAZATests */,
				AD5C6FD52F1851B500ECC3BD /* GARAZAUITests */,
			);
		};
/* End PBXProject section */

/* Begin PBXResourcesBuildPhase section */
		AD5C6FBA2F1851B400ECC3BD /* Resources */ = {
			isa = PBXResourcesBuildPhase;
			buildActionMask = 2147483647;
			files = (
				AD5C6FC72F1851B500ECC3BD /* Preview Assets.xcassets in Resources */,
				AD5C6FF02F193F3F00ECC3BD /* hall.mp4 in Resources */,
				AD5C6FC42F1851B500ECC3BD /* Assets.xcassets in Resources */,
			);
			runOnlyForDeploymentPostprocessing = 0;
		};
		AD5C6FCA2F1851B500ECC3BD /* Resources */ = {
			isa = PBXResourcesBuildPhase;
			buildActionMask = 2147483647;
			files = (
			);
			runOnlyForDeploymentPostprocessing = 0;
		};
		AD5C6FD42F1851B500ECC3BD /* Resources */ = {
			isa = PBXResourcesBuildPhase;
			buildActionMask = 2147483647;
			files = (
			);
			runOnlyForDeploymentPostprocessing = 0;
		};
/* End PBXResourcesBuildPhase section */

/* Begin PBXShellScriptBuildPhase section */
		AD5C70272F19CAFC00ECC3BD /* Run Script */ = {
			isa = PBXShellScriptBuildPhase;
			alwaysOutOfDate = 1;
			buildActionMask = 12;
			files = (
			);
			inputFileListPaths = (
			);
			inputPaths = (
				"$(SRCROOT)/GARAZA/Makefile",
			);
			name = "Run Script";
			outputFileListPaths = (
			);
			outputPaths = (
			);
			runOnlyForDeploymentPostprocessing = 0;
			shellPath = /bin/sh;
			shellScript = "set -e\ncd \"${SRCROOT}/GARAZA\" && echo \"✅ RUN ok SCRIPT SUCCESS\" || echo \"❌ RUN SCRIPT FAILED\"\n";
		};
/* End PBXShellScriptBuildPhase section */

/* Begin PBXSourcesBuildPhase section */
		AD5C6FB82F1851B400ECC3BD /* Sources */ = {
			isa = PBXSourcesBuildPhase;
			buildActionMask = 2147483647;
			files = (
				AD5C6FEC2F193CD300ECC3BD /* Splashscreen.swift in Sources */,
				AD5C702E2F1B1B6F00ECC3BD /* LoginView.swift in Sources */,
				AD5C70302F1B218100ECC3BD /* CLoginPage.swift in Sources */,
				AD5C6FEE2F193E1100ECC3BD /* Gharaza.swift in Sources */,
				AD5C6FC22F1851B400ECC3BD /* ContentView.swift in Sources */,
				AD5C70322F1B224A00ECC3BD /* OTPValidationPage.swift in Sources */,
				AD5C6FEA2F18523200ECC3BD /* File.swift in Sources */,
				AD5C70362F1BE8EC00ECC3BD /* SignUp.swift in Sources */,
				AD5C6FC02F1851B400ECC3BD /* GARAZAApp.swift in Sources */,
			);
			runOnlyForDeploymentPostprocessing = 0;
		};
		AD5C6FC82F1851B500ECC3BD /* Sources */ = {
			isa = PBXSourcesBuildPhase;
			buildActionMask = 2147483647;
			files = (
				AD5C6FD12F1851B500ECC3BD /* GARAZATests.swift in Sources */,
			);
			runOnlyForDeploymentPostprocessing = 0;
		};
		AD5C6FD22F1851B500ECC3BD /* Sources */ = {
			isa = PBXSourcesBuildPhase;
			buildActionMask = 2147483647;
			files = (
				AD5C6FDD2F1851B500ECC3BD /* GARAZAUITestsLaunchTests.swift in Sources */,
				AD5C6FDB2F1851B500ECC3BD /* GARAZAUITests.swift in Sources */,
			);
			runOnlyForDeploymentPostprocessing = 0;
		};
/* End PBXSourcesBuildPhase section */

/* Begin PBXTargetDependency section */
		AD5C6FCE2F1851B500ECC3BD /* PBXTargetDependency */ = {
			isa = PBXTargetDependency;
			target = AD5C6FBB2F1851B400ECC3BD /* GARAZA */;
			targetProxy = AD5C6FCD2F1851B500ECC3BD /* PBXContainerItemProxy */;
		};
		AD5C6FD82F1851B500ECC3BD /* PBXTargetDependency */ = {
			isa = PBXTargetDependency;
			target = AD5C6FBB2F1851B400ECC3BD /* GARAZA */;
			targetProxy = AD5C6FD72F1851B500ECC3BD /* PBXContainerItemProxy */;
		};
/* End PBXTargetDependency section */

/* Begin XCBuildConfiguration section */
		AD5C6FDE2F1851B500ECC3BD /* Debug */ = {
			isa = XCBuildConfiguration;
			buildSettings = {
				ALWAYS_SEARCH_USER_PATHS = NO;
				ASSETCATALOG_COMPILER_GENERATE_SWIFT_ASSET_SYMBOL_EXTENSIONS = YES;
				CLANG_ANALYZER_NONNULL = YES;
				CLANG_ANALYZER_NUMBER_OBJECT_CONVERSION = YES_AGGRESSIVE;
				CLANG_CXX_LANGUAGE_STANDARD = "gnu++20";
				CLANG_ENABLE_MODULES = YES;
				CLANG_ENABLE_OBJC_ARC = YES;
				CLANG_ENABLE_OBJC_WEAK = YES;
				CLANG_WARN_BLOCK_CAPTURE_AUTORELEASING = YES;
				CLANG_WARN_BOOL_CONVERSION = YES;
				CLANG_WARN_COMMA = YES;
				CLANG_WARN_CONSTANT_CONVERSION = YES;
				CLANG_WARN_DEPRECATED_OBJC_IMPLEMENTATIONS = YES;
				CLANG_WARN_DIRECT_OBJC_ISA_USAGE = YES_ERROR;
				CLANG_WARN_DOCUMENTATION_COMMENTS = YES;
				CLANG_WARN_EMPTY_BODY = YES;
				CLANG_WARN_ENUM_CONVERSION = YES;
				CLANG_WARN_INFINITE_RECURSION = YES;
				CLANG_WARN_INT_CONVERSION = YES;
				CLANG_WARN_NON_LITERAL_NULL_CONVERSION = YES;
				CLANG_WARN_OBJC_IMPLICIT_RETAIN_SELF = YES;
				CLANG_WARN_OBJC_LITERAL_CONVERSION = YES;
				CLANG_WARN_OBJC_ROOT_CLASS = YES_ERROR;
				CLANG_WARN_QUOTED_INCLUDE_IN_FRAMEWORK_HEADER = YES;
				CLANG_WARN_RANGE_LOOP_ANALYSIS = YES;
				CLANG_WARN_STRICT_PROTOTYPES = YES;
				CLANG_WARN_SUSPICIOUS_MOVE = YES;
				CLANG_WARN_UNGUARDED_AVAILABILITY = YES_AGGRESSIVE;
				CLANG_WARN_UNREACHABLE_CODE = YES;
				CLANG_WARN__DUPLICATE_METHOD_MATCH = YES;
				COPY_PHASE_STRIP = NO;
				DEBUG_INFORMATION_FORMAT = dwarf;
				ENABLE_STRICT_OBJC_MSGSEND = YES;
				ENABLE_TESTABILITY = YES;
				ENABLE_USER_SCRIPT_SANDBOXING = YES;
				GCC_C_LANGUAGE_STANDARD = gnu17;
				GCC_DYNAMIC_NO_PIC = NO;
				GCC_NO_COMMON_BLOCKS = YES;
				GCC_OPTIMIZATION_LEVEL = 0;
				GCC_PREPROCESSOR_DEFINITIONS = (
					"DEBUG=1",
					"$(inherited)",
				);
				GCC_WARN_64_TO_32_BIT_CONVERSION = YES;
				GCC_WARN_ABOUT_RETURN_TYPE = YES_ERROR;
				GCC_WARN_UNDECLARED_SELECTOR = YES;
				GCC_WARN_UNINITIALIZED_AUTOS = YES_AGGRESSIVE;
				GCC_WARN_UNUSED_FUNCTION = YES;
				GCC_WARN_UNUSED_VARIABLE = YES;
				IPHONEOS_DEPLOYMENT_TARGET = 17.5;
				LOCALIZATION_PREFERS_STRING_CATALOGS = YES;
				MTL_ENABLE_DEBUG_INFO = INCLUDE_SOURCE;
				MTL_FAST_MATH = YES;
				ONLY_ACTIVE_ARCH = YES;
				SDKROOT = iphoneos;
				SWIFT_ACTIVE_COMPILATION_CONDITIONS = "DEBUG $(inherited)";
				SWIFT_OPTIMIZATION_LEVEL = "-Onone";
			};
			name = Debug;
		};
		AD5C6FDF2F1851B500ECC3BD /* Release */ = {
			isa = XCBuildConfiguration;
			buildSettings = {
				ALWAYS_SEARCH_USER_PATHS = NO;
				ASSETCATALOG_COMPILER_GENERATE_SWIFT_ASSET_SYMBOL_EXTENSIONS = YES;
				CLANG_ANALYZER_NONNULL = YES;
				CLANG_ANALYZER_NUMBER_OBJECT_CONVERSION = YES_AGGRESSIVE;
				CLANG_CXX_LANGUAGE_STANDARD = "gnu++20";
				CLANG_ENABLE_MODULES = YES;
				CLANG_ENABLE_OBJC_ARC = YES;
				CLANG_ENABLE_OBJC_WEAK = YES;
				CLANG_WARN_BLOCK_CAPTURE_AUTORELEASING = YES;
				CLANG_WARN_BOOL_CONVERSION = YES;
				CLANG_WARN_COMMA = YES;
				CLANG_WARN_CONSTANT_CONVERSION = YES;
				CLANG_WARN_DEPRECATED_OBJC_IMPLEMENTATIONS = YES;
				CLANG_WARN_DIRECT_OBJC_ISA_USAGE = YES_ERROR;
				CLANG_WARN_DOCUMENTATION_COMMENTS = YES;
				CLANG_WARN_EMPTY_BODY = YES;
				CLANG_WARN_ENUM_CONVERSION = YES;
				CLANG_WARN_INFINITE_RECURSION = YES;
				CLANG_WARN_INT_CONVERSION = YES;
				CLANG_WARN_NON_LITERAL_NULL_CONVERSION = YES;
				CLANG_WARN_OBJC_IMPLICIT_RETAIN_SELF = YES;
				CLANG_WARN_OBJC_LITERAL_CONVERSION = YES;
				CLANG_WARN_OBJC_ROOT_CLASS = YES_ERROR;
				CLANG_WARN_QUOTED_INCLUDE_IN_FRAMEWORK_HEADER = YES;
				CLANG_WARN_RANGE_LOOP_ANALYSIS = YES;
				CLANG_WARN_STRICT_PROTOTYPES = YES;
				CLANG_WARN_SUSPICIOUS_MOVE = YES;
				CLANG_WARN_UNGUARDED_AVAILABILITY = YES_AGGRESSIVE;
				CLANG_WARN_UNREACHABLE_CODE = YES;
				CLANG_WARN__DUPLICATE_METHOD_MATCH = YES;
				COPY_PHASE_STRIP = NO;
				DEBUG_INFORMATION_FORMAT = "dwarf-with-dsym";
				ENABLE_NS_ASSERTIONS = NO;
				ENABLE_STRICT_OBJC_MSGSEND = YES;
				ENABLE_USER_SCRIPT_SANDBOXING = YES;
				GCC_C_LANGUAGE_STANDARD = gnu17;
				GCC_NO_COMMON_BLOCKS = YES;
				GCC_WARN_64_TO_32_BIT_CONVERSION = YES;
				GCC_WARN_ABOUT_RETURN_TYPE = YES_ERROR;
				GCC_WARN_UNDECLARED_SELECTOR = YES;
				GCC_WARN_UNINITIALIZED_AUTOS = YES_AGGRESSIVE;
				GCC_WARN_UNUSED_FUNCTION = YES;
				GCC_WARN_UNUSED_VARIABLE = YES;
				IPHONEOS_DEPLOYMENT_TARGET = 17.5;
				LOCALIZATION_PREFERS_STRING_CATALOGS = YES;
				MTL_ENABLE_DEBUG_INFO = NO;
				MTL_FAST_MATH = YES;
				SDKROOT = iphoneos;
				SWIFT_COMPILATION_MODE = wholemodule;
				VALIDATE_PRODUCT = YES;
			};
			name = Release;
		};
		AD5C6FE12F1851B500ECC3BD /* Debug */ = {
			isa = XCBuildConfiguration;
			buildSettings = {
				ASSETCATALOG_COMPILER_APPICON_NAME = AppIcon;
				ASSETCATALOG_COMPILER_GLOBAL_ACCENT_COLOR_NAME = AccentColor;
				CODE_SIGN_STYLE = Automatic;
				CURRENT_PROJECT_VERSION = 1;
				DEVELOPMENT_ASSET_PATHS = "\"GARAZA/Preview Content\"";
				DEVELOPMENT_TEAM = CVCPT9GWHN;
				ENABLE_PREVIEWS = YES;
				GENERATE_INFOPLIST_FILE = YES;
				INFOPLIST_KEY_UIApplicationSceneManifest_Generation = YES;
				INFOPLIST_KEY_UIApplicationSupportsIndirectInputEvents = YES;
				INFOPLIST_KEY_UILaunchScreen_Generation = YES;
				INFOPLIST_KEY_UISupportedInterfaceOrientations_iPad = "UIInterfaceOrientationPortrait UIInterfaceOrientationPortraitUpsideDown UIInterfaceOrientationLandscapeLeft UIInterfaceOrientationLandscapeRight";
				INFOPLIST_KEY_UISupportedInterfaceOrientations_iPhone = "UIInterfaceOrientationPortrait UIInterfaceOrientationLandscapeLeft UIInterfaceOrientationLandscapeRight";
				LD_RUNPATH_SEARCH_PATHS = (
					"$(inherited)",
					"@executable_path/Frameworks",
				);
				MARKETING_VERSION = 1.0;
				PRODUCT_BUNDLE_IDENTIFIER = ok.GARAZA;
				PRODUCT_NAME = "$(TARGET_NAME)";
				SWIFT_EMIT_LOC_STRINGS = YES;
				SWIFT_VERSION = 5.0;
				TARGETED_DEVICE_FAMILY = "1,2";
			};
			name = Debug;
		};
		AD5C6FE22F1851B500ECC3BD /* Release */ = {
			isa = XCBuildConfiguration;
			buildSettings = {
				ASSETCATALOG_COMPILER_APPICON_NAME = AppIcon;
				ASSETCATALOG_COMPILER_GLOBAL_ACCENT_COLOR_NAME = AccentColor;
				CODE_SIGN_STYLE = Automatic;
				CURRENT_PROJECT_VERSION = 1;
				DEVELOPMENT_ASSET_PATHS = "\"GARAZA/Preview Content\"";
				DEVELOPMENT_TEAM = CVCPT9GWHN;
				ENABLE_PREVIEWS = YES;
				GENERATE_INFOPLIST_FILE = YES;
				INFOPLIST_KEY_UIApplicationSceneManifest_Generation = YES;
				INFOPLIST_KEY_UIApplicationSupportsIndirectInputEvents = YES;
				INFOPLIST_KEY_UILaunchScreen_Generation = YES;
				INFOPLIST_KEY_UISupportedInterfaceOrientations_iPad = "UIInterfaceOrientationPortrait UIInterfaceOrientationPortraitUpsideDown UIInterfaceOrientationLandscapeLeft UIInterfaceOrientationLandscapeRight";
				INFOPLIST_KEY_UISupportedInterfaceOrientations_iPhone = "UIInterfaceOrientationPortrait UIInterfaceOrientationLandscapeLeft UIInterfaceOrientationLandscapeRight";
				LD_RUNPATH_SEARCH_PATHS = (
					"$(inherited)",
					"@executable_path/Frameworks",
				);
				MARKETING_VERSION = 1.0;
				PRODUCT_BUNDLE_IDENTIFIER = ok.GARAZA;
				PRODUCT_NAME = "$(TARGET_NAME)";
				SWIFT_EMIT_LOC_STRINGS = YES;
				SWIFT_VERSION = 5.0;
				TARGETED_DEVICE_FAMILY = "1,2";
			};
			name = Release;
		};
		AD5C6FE42F1851B500ECC3BD /* Debug */ = {
			isa = XCBuildConfiguration;
			buildSettings = {
				ALWAYS_EMBED_SWIFT_STANDARD_LIBRARIES = YES;
				BUNDLE_LOADER = "$(TEST_HOST)";
				CODE_SIGN_STYLE = Automatic;
				CURRENT_PROJECT_VERSION = 1;
				DEVELOPMENT_TEAM = CVCPT9GWHN;
				GENERATE_INFOPLIST_FILE = YES;
				IPHONEOS_DEPLOYMENT_TARGET = 17.5;
				MARKETING_VERSION = 1.0;
				PRODUCT_BUNDLE_IDENTIFIER = ok.GARAZATests;
				PRODUCT_NAME = "$(TARGET_NAME)";
				SWIFT_EMIT_LOC_STRINGS = NO;
				SWIFT_VERSION = 5.0;
				TARGETED_DEVICE_FAMILY = "1,2";
				TEST_HOST = "$(BUILT_PRODUCTS_DIR)/GARAZA.app/$(BUNDLE_EXECUTABLE_FOLDER_PATH)/GARAZA";
			};
			name = Debug;
		};
		AD5C6FE52F1851B500ECC3BD /* Release */ = {
			isa = XCBuildConfiguration;
			buildSettings = {
				ALWAYS_EMBED_SWIFT_STANDARD_LIBRARIES = YES;
				BUNDLE_LOADER = "$(TEST_HOST)";
				CODE_SIGN_STYLE = Automatic;
				CURRENT_PROJECT_VERSION = 1;
				DEVELOPMENT_TEAM = CVCPT9GWHN;
				GENERATE_INFOPLIST_FILE = YES;
				IPHONEOS_DEPLOYMENT_TARGET = 17.5;
				MARKETING_VERSION = 1.0;
				PRODUCT_BUNDLE_IDENTIFIER = ok.GARAZATests;
				PRODUCT_NAME = "$(TARGET_NAME)";
				SWIFT_EMIT_LOC_STRINGS = NO;
				SWIFT_VERSION = 5.0;
				TARGETED_DEVICE_FAMILY = "1,2";
				TEST_HOST = "$(BUILT_PRODUCTS_DIR)/GARAZA.app/$(BUNDLE_EXECUTABLE_FOLDER_PATH)/GARAZA";
			};
			name = Release;
		};
		AD5C6FE72F1851B500ECC3BD /* Debug */ = {
			isa = XCBuildConfiguration;
			buildSettings = {
				ALWAYS_EMBED_SWIFT_STANDARD_LIBRARIES = YES;
				CODE_SIGN_STYLE = Automatic;
				CURRENT_PROJECT_VERSION = 1;
				DEVELOPMENT_TEAM = CVCPT9GWHN;
				GENERATE_INFOPLIST_FILE = YES;
				MARKETING_VERSION = 1.0;
				PRODUCT_BUNDLE_IDENTIFIER = ok.GARAZAUITests;
				PRODUCT_NAME = "$(TARGET_NAME)";
				SWIFT_EMIT_LOC_STRINGS = NO;
				SWIFT_VERSION = 5.0;
				TARGETED_DEVICE_FAMILY = "1,2";
				TEST_TARGET_NAME = GARAZA;
			};
			name = Debug;
		};
		AD5C6FE82F1851B500ECC3BD /* Release */ = {
			isa = XCBuildConfiguration;
			buildSettings = {
				ALWAYS_EMBED_SWIFT_STANDARD_LIBRARIES = YES;
				CODE_SIGN_STYLE = Automatic;
				CURRENT_PROJECT_VERSION = 1;
				DEVELOPMENT_TEAM = CVCPT9GWHN;
				GENERATE_INFOPLIST_FILE = YES;
				MARKETING_VERSION = 1.0;
				PRODUCT_BUNDLE_IDENTIFIER = ok.GARAZAUITests;
				PRODUCT_NAME = "$(TARGET_NAME)";
				SWIFT_EMIT_LOC_STRINGS = NO;
				SWIFT_VERSION = 5.0;
				TARGETED_DEVICE_FAMILY = "1,2";
				TEST_TARGET_NAME = GARAZA;
			};
			name = Release;
		};
/* End XCBuildConfiguration section */

/* Begin XCConfigurationList section */
		AD5C6FB72F1851B400ECC3BD /* Build configuration list for PBXProject "GARAZA" */ = {
			isa = XCConfigurationList;
			buildConfigurations = (
				AD5C6FDE2F1851B500ECC3BD /* Debug */,
				AD5C6FDF2F1851B500ECC3BD /* Release */,
			);
			defaultConfigurationIsVisible = 0;
			defaultConfigurationName = Release;
		};
		AD5C6FE02F1851B500ECC3BD /* Build configuration list for PBXNativeTarget "GARAZA" */ = {
			isa = XCConfigurationList;
			buildConfigurations = (
				AD5C6FE12F1851B500ECC3BD /* Debug */,
				AD5C6FE22F1851B500ECC3BD /* Release */,
			);
			defaultConfigurationIsVisible = 0;
			defaultConfigurationName = Release;
		};
		AD5C6FE32F1851B500ECC3BD /* Build configuration list for PBXNativeTarget "GARAZATests" */ = {
			isa = XCConfigurationList;
			buildConfigurations = (
				AD5C6FE42F1851B500ECC3BD /* Debug */,
				AD5C6FE52F1851B500ECC3BD /* Release */,
			);
			defaultConfigurationIsVisible = 0;
			defaultConfigurationName = Release;
		};
		AD5C6FE62F1851B500ECC3BD /* Build configuration list for PBXNativeTarget "GARAZAUITests" */ = {
			isa = XCConfigurationList;
			buildConfigurations = (
				AD5C6FE72F1851B500ECC3BD /* Debug */,
				AD5C6FE82F1851B500ECC3BD /* Release */,
			);
			defaultConfigurationIsVisible = 0;
			defaultConfigurationName = Release;
		};
/* End XCConfigurationList section */
	};
	rootObject = AD5C6FB42F1851B400ECC3BD /* Project object */;
}
